
Microsoft Visual Studio Solution File, Format Version 12.00
# Visual Studio Version 17
VisualStudioVersion = 17.9.34407.89
MinimumVisualStudioVersion = 10.0.40219.1
Project("{FAE04EC0-301F-11D3-BF4B-00C04F79EFBC}") = "Server", "Server\Server.csproj", "{7534C3AF-5E74-4147-8637-92B309C3E377}"
EndProject
Project("{FAE04EC0-301F-11D3-BF4B-00C04F79EFBC}") = "Client", "Client\Client.csproj", "{88D3AD9A-179B-4F67-9E19-972E848FFDD0}"
EndProject
Project("{FAE04EC0-301F-11D3-BF4B-00C04F79EFBC}") = "BaseLibrary", "BaseLibrary\BaseLibrary.csproj", "{C42DBA94-579A-460D-9859-E798524E18E9}"
EndProject
Project("{FAE04EC0-301F-11D3-BF4B-00C04F79EFBC}") = "ClientLibrary", "ClientLibrary\ClientLibrary.csproj", "{F7B17B07-F3D5-4045-8D05-89DC3CDE9ABB}"
EndProject
Project("{FAE04EC0-301F-11D3-BF4B-00C04F79EFBC}") = "ServerLibrary", "ServerLibrary\ServerLibrary.csproj", "{FD2EE1A0-1B85-4059-B612-92F5721B6033}"
EndProject
Global
	GlobalSection(SolutionConfigurationPlatforms) = preSolution
		Debug|Any CPU = Debug|Any CPU
		Release|Any CPU = Release|Any CPU
	EndGlobalSection
	GlobalSection(ProjectConfigurationPlatforms) = postSolution
		{7534C3AF-5E74-4147-8637-92B309C3E377}.Debug|Any CPU.ActiveCfg = Debug|Any CPU
		{7534C3AF-5E74-4147-8637-92B309C3E377}.Debug|Any CPU.Build.0 = Debug|Any CPU
		{7534C3AF-5E74-4147-8637-92B309C3E377}.Release|Any CPU.ActiveCfg = Release|Any CPU
		{7534C3AF-5E74-4147-8637-92B309C3E377}.Release|Any CPU.Build.0 = Release|Any CPU
		{88D3AD9A-179B-4F67-9E19-972E848FFDD0}.Debug|Any CPU.ActiveCfg = Debug|Any CPU
		{88D3AD9A-179B-4F67-9E19-972E848FFDD0}.Debug|Any CPU.Build.0 = Debug|Any CPU
		{88D3AD9A-179B-4F67-9E19-972E848FFDD0}.Release|Any CPU.ActiveCfg = Release|Any CPU
		{88D3AD9A-179B-4F67-9E19-972E848FFDD0}.Release|Any CPU.Build.0 = Release|Any CPU
		{C42DBA94-579A-460D-9859-E798524E18E9}.Debug|Any CPU.ActiveCfg = Debug|Any CPU
		{C42DBA94-579A-460D-9859-E798524E18E9}.Debug|Any CPU.Build.0 = Debug|Any CPU
		{C42DBA94-579A-460D-9859-E798524E18E9}.Release|Any CPU.ActiveCfg = Release|Any CPU
		{C42DBA94-579A-460D-9859-E798524E18E9}.Release|Any CPU.Build.0 = Release|Any CPU
		{F7B17B07-F3D5-4045-8D05-89DC3CDE9ABB}.Debug|Any CPU.ActiveCfg = Debug|Any CPU
		{F7B17B07-F3D5-4045-8D05-89DC3CDE9ABB}.Debug|Any CPU.Build.0 = Debug|Any CPU
		{F7B17B07-F3D5-4045-8D05-89DC3CDE9ABB}.Release|Any CPU.ActiveCfg = Release|Any CPU
		{F7B17B07-F3D5-4045-8D05-89DC3CDE9ABB}.Release|Any CPU.Build.0 = Release|Any CPU
		{FD2EE1A0-1B85-4059-B612-92F5721B6033}.Debug|Any CPU.ActiveCfg = Debug|Any CPU
		{FD2EE1A0-1B85-4059-B612-92F5721B6033}.Debug|Any CPU.Build.0 = Debug|Any CPU
		{FD2EE1A0-1B85-4059-B612-92F5721B6033}.Release|Any CPU.ActiveCfg = Release|Any CPU
		{FD2EE1A0-1B85-4059-B612-92F5721B6033}.Release|Any CPU.Build.0 = Release|Any CPU
	EndGlobalSection
	GlobalSection(SolutionProperties) = preSolution
		HideSolutionNode = FALSE
	EndGlobalSection
	GlobalSection(ExtensibilityGlobals) = postSolution
		SolutionGuid = {6218D34B-A532-4C2E-A298-6E5A06FB2E07}
	EndGlobalSection
EndGlobal
