
Microsoft Visual Studio Solution File, Format Version 12.00
# Visual Studio Version 17
VisualStudioVersion = 17.9.34407.89
MinimumVisualStudioVersion = 10.0.40219.1
Project("{00D1A9C2-B5F0-4AF3-8072-F6C62B433612}") = "DataAccessDB", "DataAccessDB\DataAccessDB.sqlproj", "{8E4CA26B-70D5-4D43-9422-2CA33E4CB9C7}"
EndProject
Project("{9A19103F-16F7-4668-BE54-9A1E7A4F7556}") = "DataAccessLibrary", "DataAccessLibrary\DataAccessLibrary.csproj", "{41C774AA-13AD-4EED-AD32-B721878476C8}"
EndProject
Project("{9A19103F-16F7-4668-BE54-9A1E7A4F7556}") = "DataAccessDemo", "DataAccessDemo\DataAccessDemo.csproj", "{472385D5-CAE8-4772-93EC-DF64A14F3083}"
EndProject
Global
	GlobalSection(SolutionConfigurationPlatforms) = preSolution
		Debug|Any CPU = Debug|Any CPU
		Release|Any CPU = Release|Any CPU
	EndGlobalSection
	GlobalSection(ProjectConfigurationPlatforms) = postSolution
		{8E4CA26B-70D5-4D43-9422-2CA33E4CB9C7}.Debug|Any CPU.ActiveCfg = Debug|Any CPU
		{8E4CA26B-70D5-4D43-9422-2CA33E4CB9C7}.Debug|Any CPU.Build.0 = Debug|Any CPU
		{8E4CA26B-70D5-4D43-9422-2CA33E4CB9C7}.Debug|Any CPU.Deploy.0 = Debug|Any CPU
		{8E4CA26B-70D5-4D43-9422-2CA33E4CB9C7}.Release|Any CPU.ActiveCfg = Release|Any CPU
		{8E4CA26B-70D5-4D43-9422-2CA33E4CB9C7}.Release|Any CPU.Build.0 = Release|Any CPU
		{8E4CA26B-70D5-4D43-9422-2CA33E4CB9C7}.Release|Any CPU.Deploy.0 = Release|Any CPU
		{41C774AA-13AD-4EED-AD32-B721878476C8}.Debug|Any CPU.ActiveCfg = Debug|Any CPU
		{41C774AA-13AD-4EED-AD32-B721878476C8}.Debug|Any CPU.Build.0 = Debug|Any CPU
		{41C774AA-13AD-4EED-AD32-B721878476C8}.Release|Any CPU.ActiveCfg = Release|Any CPU
		{41C774AA-13AD-4EED-AD32-B721878476C8}.Release|Any CPU.Build.0 = Release|Any CPU
		{472385D5-CAE8-4772-93EC-DF64A14F3083}.Debug|Any CPU.ActiveCfg = Debug|Any CPU
		{472385D5-CAE8-4772-93EC-DF64A14F3083}.Debug|Any CPU.Build.0 = Debug|Any CPU
		{472385D5-CAE8-4772-93EC-DF64A14F3083}.Release|Any CPU.ActiveCfg = Release|Any CPU
		{472385D5-CAE8-4772-93EC-DF64A14F3083}.Release|Any CPU.Build.0 = Release|Any CPU
	EndGlobalSection
	GlobalSection(SolutionProperties) = preSolution
		HideSolutionNode = FALSE
	EndGlobalSection
	GlobalSection(ExtensibilityGlobals) = postSolution
		SolutionGuid = {AEC63141-C244-4048-96B2-FFCE3CF37EF2}
	EndGlobalSection
EndGlobal
