
Microsoft Visual Studio Solution File, Format Version 12.00
# Visual Studio Version 17
VisualStudioVersion = 17.9.34407.89
MinimumVisualStudioVersion = 10.0.40219.1
Project("{9A19103F-16F7-4668-BE54-9A1E7A4F7556}") = "WasemDemo", "WasemDemo\WasemDemo.csproj", "{186927D1-8F4E-4701-BFE7-46B26997AEA8}"
EndProject
Project("{9A19103F-16F7-4668-BE54-9A1E7A4F7556}") = "pwaWasonDemo", "pwaWasonDemo\pwaWasonDemo.csproj", "{BD61C2CC-4316-44AC-A1BD-1AD83B8421E6}"
EndProject
Global
	GlobalSection(SolutionConfigurationPlatforms) = preSolution
		Debug|Any CPU = Debug|Any CPU
		Release|Any CPU = Release|Any CPU
	EndGlobalSection
	GlobalSection(ProjectConfigurationPlatforms) = postSolution
		{186927D1-8F4E-4701-BFE7-46B26997AEA8}.Debug|Any CPU.ActiveCfg = Debug|Any CPU
		{186927D1-8F4E-4701-BFE7-46B26997AEA8}.Debug|Any CPU.Build.0 = Debug|Any CPU
		{186927D1-8F4E-4701-BFE7-46B26997AEA8}.Release|Any CPU.ActiveCfg = Release|Any CPU
		{186927D1-8F4E-4701-BFE7-46B26997AEA8}.Release|Any CPU.Build.0 = Release|Any CPU
		{BD61C2CC-4316-44AC-A1BD-1AD83B8421E6}.Debug|Any CPU.ActiveCfg = Debug|Any CPU
		{BD61C2CC-4316-44AC-A1BD-1AD83B8421E6}.Debug|Any CPU.Build.0 = Debug|Any CPU
		{BD61C2CC-4316-44AC-A1BD-1AD83B8421E6}.Release|Any CPU.ActiveCfg = Release|Any CPU
		{BD61C2CC-4316-44AC-A1BD-1AD83B8421E6}.Release|Any CPU.Build.0 = Release|Any CPU
	EndGlobalSection
	GlobalSection(SolutionProperties) = preSolution
		HideSolutionNode = FALSE
	EndGlobalSection
	GlobalSection(ExtensibilityGlobals) = postSolution
		SolutionGuid = {607A749C-577A-4798-B01E-BF626FF7AEF9}
	EndGlobalSection
EndGlobal
