
Microsoft Visual Studio Solution File, Format Version 12.00
# Visual Studio Version 17
VisualStudioVersion = 17.9.34407.89
MinimumVisualStudioVersion = 10.0.40219.1
Project("{9A19103F-16F7-4668-BE54-9A1E7A4F7556}") = "Component", "Component\Component.csproj", "{9EDBDE7B-166C-4722-9F3F-BA14DB0441CF}"
EndProject
Global
	GlobalSection(SolutionConfigurationPlatforms) = preSolution
		Debug|Any CPU = Debug|Any CPU
		Release|Any CPU = Release|Any CPU
	EndGlobalSection
	GlobalSection(ProjectConfigurationPlatforms) = postSolution
		{9EDBDE7B-166C-4722-9F3F-BA14DB0441CF}.Debug|Any CPU.ActiveCfg = Debug|Any CPU
		{9EDBDE7B-166C-4722-9F3F-BA14DB0441CF}.Debug|Any CPU.Build.0 = Debug|Any CPU
		{9EDBDE7B-166C-4722-9F3F-BA14DB0441CF}.Release|Any CPU.ActiveCfg = Release|Any CPU
		{9EDBDE7B-166C-4722-9F3F-BA14DB0441CF}.Release|Any CPU.Build.0 = Release|Any CPU
	EndGlobalSection
	GlobalSection(SolutionProperties) = preSolution
		HideSolutionNode = FALSE
	EndGlobalSection
	GlobalSection(ExtensibilityGlobals) = postSolution
		SolutionGuid = {AC010880-7371-46A8-B13B-B4C2A2DA72AB}
	EndGlobalSection
EndGlobal
