
Microsoft Visual Studio Solution File, Format Version 12.00
# Visual Studio Version 17
VisualStudioVersion = 17.9.34407.89
MinimumVisualStudioVersion = 10.0.40219.1
Project("{FAE04EC0-301F-11D3-BF4B-00C04F79EFBC}") = "ServerSideForm", "ServerSideForm\ServerSideForm.csproj", "{8A5E1B52-7E59-4A80-B16D-7A7D865C1659}"
EndProject
Global
	GlobalSection(SolutionConfigurationPlatforms) = preSolution
		Debug|Any CPU = Debug|Any CPU
		Release|Any CPU = Release|Any CPU
	EndGlobalSection
	GlobalSection(ProjectConfigurationPlatforms) = postSolution
		{8A5E1B52-7E59-4A80-B16D-7A7D865C1659}.Debug|Any CPU.ActiveCfg = Debug|Any CPU
		{8A5E1B52-7E59-4A80-B16D-7A7D865C1659}.Debug|Any CPU.Build.0 = Debug|Any CPU
		{8A5E1B52-7E59-4A80-B16D-7A7D865C1659}.Release|Any CPU.ActiveCfg = Release|Any CPU
		{8A5E1B52-7E59-4A80-B16D-7A7D865C1659}.Release|Any CPU.Build.0 = Release|Any CPU
	EndGlobalSection
	GlobalSection(SolutionProperties) = preSolution
		HideSolutionNode = FALSE
	EndGlobalSection
	GlobalSection(ExtensibilityGlobals) = postSolution
		SolutionGuid = {DA40547D-D627-48D8-B61F-43912E067089}
	EndGlobalSection
EndGlobal
