
Microsoft Visual Studio Solution File, Format Version 12.00
# Visual Studio Version 17
VisualStudioVersion = 17.9.34407.89
MinimumVisualStudioVersion = 10.0.40219.1
Project("{FAE04EC0-301F-11D3-BF4B-00C04F79EFBC}") = "AuthDemo", "AuthDemo\AuthDemo\AuthDemo.csproj", "{1399344B-9FC5-495F-B358-D3F12AA464A9}"
EndProject
Project("{FAE04EC0-301F-11D3-BF4B-00C04F79EFBC}") = "AuthDemo.Client", "AuthDemo\AuthDemo.Client\AuthDemo.Client.csproj", "{DD5CEBED-FC1D-4B59-82A4-B722575A1BEC}"
EndProject
Global
	GlobalSection(SolutionConfigurationPlatforms) = preSolution
		Debug|Any CPU = Debug|Any CPU
		Release|Any CPU = Release|Any CPU
	EndGlobalSection
	GlobalSection(ProjectConfigurationPlatforms) = postSolution
		{1399344B-9FC5-495F-B358-D3F12AA464A9}.Debug|Any CPU.ActiveCfg = Debug|Any CPU
		{1399344B-9FC5-495F-B358-D3F12AA464A9}.Debug|Any CPU.Build.0 = Debug|Any CPU
		{1399344B-9FC5-495F-B358-D3F12AA464A9}.Release|Any CPU.ActiveCfg = Release|Any CPU
		{1399344B-9FC5-495F-B358-D3F12AA464A9}.Release|Any CPU.Build.0 = Release|Any CPU
		{DD5CEBED-FC1D-4B59-82A4-B722575A1BEC}.Debug|Any CPU.ActiveCfg = Debug|Any CPU
		{DD5CEBED-FC1D-4B59-82A4-B722575A1BEC}.Debug|Any CPU.Build.0 = Debug|Any CPU
		{DD5CEBED-FC1D-4B59-82A4-B722575A1BEC}.Release|Any CPU.ActiveCfg = Release|Any CPU
		{DD5CEBED-FC1D-4B59-82A4-B722575A1BEC}.Release|Any CPU.Build.0 = Release|Any CPU
	EndGlobalSection
	GlobalSection(SolutionProperties) = preSolution
		HideSolutionNode = FALSE
	EndGlobalSection
	GlobalSection(ExtensibilityGlobals) = postSolution
		SolutionGuid = {068D7EF6-F8A4-4260-B024-7241AF0526E8}
	EndGlobalSection
EndGlobal
