
Microsoft Visual Studio Solution File, Format Version 12.00
# Visual Studio Version 17
VisualStudioVersion = 17.9.34407.89
MinimumVisualStudioVersion = 10.0.40219.1
Project("{FAE04EC0-301F-11D3-BF4B-00C04F79EFBC}") = "Component", "Component\Component.csproj", "{CA395AF8-FF60-48B1-BDE1-B4ADFFB24E93}"
EndProject
Global
	GlobalSection(SolutionConfigurationPlatforms) = preSolution
		Debug|Any CPU = Debug|Any CPU
		Release|Any CPU = Release|Any CPU
	EndGlobalSection
	GlobalSection(ProjectConfigurationPlatforms) = postSolution
		{CA395AF8-FF60-48B1-BDE1-B4ADFFB24E93}.Debug|Any CPU.ActiveCfg = Debug|Any CPU
		{CA395AF8-FF60-48B1-BDE1-B4ADFFB24E93}.Debug|Any CPU.Build.0 = Debug|Any CPU
		{CA395AF8-FF60-48B1-BDE1-B4ADFFB24E93}.Release|Any CPU.ActiveCfg = Release|Any CPU
		{CA395AF8-FF60-48B1-BDE1-B4ADFFB24E93}.Release|Any CPU.Build.0 = Release|Any CPU
	EndGlobalSection
	GlobalSection(SolutionProperties) = preSolution
		HideSolutionNode = FALSE
	EndGlobalSection
	GlobalSection(ExtensibilityGlobals) = postSolution
		SolutionGuid = {F5AA7A6C-14AB-4E08-863C-07A33EBCDD69}
	EndGlobalSection
EndGlobal
